
Microsoft Visual Studio Solution File, Format Version 12.00
# Visual Studio 15
VisualStudioVersion = 15.0.28307.572
MinimumVisualStudioVersion = 10.0.40219.1
Project("{FAE04EC0-301F-11D3-BF4B-00C04F79EFBC}") = "Turtle", "Turtle\Turtle.csproj", "{3D33FB3E-93F6-4152-A0B5-D5FEB3C1D9E5}"
EndProject
Project("{FAE04EC0-301F-11D3-BF4B-00C04F79EFBC}") = "TurtleTests", "TurtleTests\TurtleTests.csproj", "{089EFA87-82E4-4603-AC82-598C71967A20}"
EndProject
Global
	GlobalSection(SolutionConfigurationPlatforms) = preSolution
		Debug|Any CPU = Debug|Any CPU
		Release|Any CPU = Release|Any CPU
	EndGlobalSection
	GlobalSection(ProjectConfigurationPlatforms) = postSolution
		{3D33FB3E-93F6-4152-A0B5-D5FEB3C1D9E5}.Debug|Any CPU.ActiveCfg = Debug|Any CPU
		{3D33FB3E-93F6-4152-A0B5-D5FEB3C1D9E5}.Debug|Any CPU.Build.0 = Debug|Any CPU
		{3D33FB3E-93F6-4152-A0B5-D5FEB3C1D9E5}.Release|Any CPU.ActiveCfg = Release|Any CPU
		{3D33FB3E-93F6-4152-A0B5-D5FEB3C1D9E5}.Release|Any CPU.Build.0 = Release|Any CPU
		{089EFA87-82E4-4603-AC82-598C71967A20}.Debug|Any CPU.ActiveCfg = Debug|Any CPU
		{089EFA87-82E4-4603-AC82-598C71967A20}.Debug|Any CPU.Build.0 = Debug|Any CPU
		{089EFA87-82E4-4603-AC82-598C71967A20}.Release|Any CPU.ActiveCfg = Release|Any CPU
		{089EFA87-82E4-4603-AC82-598C71967A20}.Release|Any CPU.Build.0 = Release|Any CPU
	EndGlobalSection
	GlobalSection(SolutionProperties) = preSolution
		HideSolutionNode = FALSE
	EndGlobalSection
	GlobalSection(ExtensibilityGlobals) = postSolution
		SolutionGuid = {7749FCEB-012F-4402-BD66-FF82D3E0F21E}
	EndGlobalSection
EndGlobal
